
Microsoft Visual Studio Solution File, Format Version 12.00
# Visual Studio Version 17
VisualStudioVersion = 17.3.32825.248
MinimumVisualStudioVersion = 10.0.40219.1
Project("{FAE04EC0-301F-11D3-BF4B-00C04F79EFBC}") = "8-lines-of-code", "8-lines-of-code\8-lines-of-code.csproj", "{A0E7059E-B912-428E-9A02-E1E76346DB25}"
EndProject
Global
	GlobalSection(SolutionConfigurationPlatforms) = preSolution
		Debug|Any CPU = Debug|Any CPU
		Release|Any CPU = Release|Any CPU
	EndGlobalSection
	GlobalSection(ProjectConfigurationPlatforms) = postSolution
		{A0E7059E-B912-428E-9A02-E1E76346DB25}.Debug|Any CPU.ActiveCfg = Debug|Any CPU
		{A0E7059E-B912-428E-9A02-E1E76346DB25}.Debug|Any CPU.Build.0 = Debug|Any CPU
		{A0E7059E-B912-428E-9A02-E1E76346DB25}.Release|Any CPU.ActiveCfg = Release|Any CPU
		{A0E7059E-B912-428E-9A02-E1E76346DB25}.Release|Any CPU.Build.0 = Release|Any CPU
	EndGlobalSection
	GlobalSection(SolutionProperties) = preSolution
		HideSolutionNode = FALSE
	EndGlobalSection
	GlobalSection(ExtensibilityGlobals) = postSolution
		SolutionGuid = {54CCA9FE-83A5-4736-AE07-236803DFB189}
	EndGlobalSection
EndGlobal
