
Microsoft Visual Studio Solution File, Format Version 12.00
# Visual Studio Version 17
VisualStudioVersion = 17.3.32825.248
MinimumVisualStudioVersion = 10.0.40219.1
Project("{9A19103F-16F7-4668-BE54-9A1E7A4F7556}") = "ChatServer", "src\ChatServer\ChatServer.csproj", "{6061E562-F369-4D49-9CF1-860600ECCE6B}"
EndProject
Project("{9A19103F-16F7-4668-BE54-9A1E7A4F7556}") = "ChatClient", "src\ChatClient\ChatClient.csproj", "{B574D6BA-046B-40DE-B047-455345FCE366}"
EndProject
Project("{FAE04EC0-301F-11D3-BF4B-00C04F79EFBC}") = "Chat.Commands", "src\Chat.Core\Chat.Commands.csproj", "{6DE2AA85-6798-411F-B4E9-C72493E82648}"
EndProject
Global
	GlobalSection(SolutionConfigurationPlatforms) = preSolution
		Debug|Any CPU = Debug|Any CPU
		Release|Any CPU = Release|Any CPU
	EndGlobalSection
	GlobalSection(ProjectConfigurationPlatforms) = postSolution
		{6061E562-F369-4D49-9CF1-860600ECCE6B}.Debug|Any CPU.ActiveCfg = Debug|Any CPU
		{6061E562-F369-4D49-9CF1-860600ECCE6B}.Debug|Any CPU.Build.0 = Debug|Any CPU
		{6061E562-F369-4D49-9CF1-860600ECCE6B}.Release|Any CPU.ActiveCfg = Release|Any CPU
		{6061E562-F369-4D49-9CF1-860600ECCE6B}.Release|Any CPU.Build.0 = Release|Any CPU
		{B574D6BA-046B-40DE-B047-455345FCE366}.Debug|Any CPU.ActiveCfg = Debug|Any CPU
		{B574D6BA-046B-40DE-B047-455345FCE366}.Debug|Any CPU.Build.0 = Debug|Any CPU
		{B574D6BA-046B-40DE-B047-455345FCE366}.Release|Any CPU.ActiveCfg = Release|Any CPU
		{B574D6BA-046B-40DE-B047-455345FCE366}.Release|Any CPU.Build.0 = Release|Any CPU
		{6DE2AA85-6798-411F-B4E9-C72493E82648}.Debug|Any CPU.ActiveCfg = Debug|Any CPU
		{6DE2AA85-6798-411F-B4E9-C72493E82648}.Debug|Any CPU.Build.0 = Debug|Any CPU
		{6DE2AA85-6798-411F-B4E9-C72493E82648}.Release|Any CPU.ActiveCfg = Release|Any CPU
		{6DE2AA85-6798-411F-B4E9-C72493E82648}.Release|Any CPU.Build.0 = Release|Any CPU
	EndGlobalSection
	GlobalSection(SolutionProperties) = preSolution
		HideSolutionNode = FALSE
	EndGlobalSection
	GlobalSection(ExtensibilityGlobals) = postSolution
		SolutionGuid = {AEC5CBCA-C24F-45B0-B715-ABD64C1E2030}
	EndGlobalSection
EndGlobal
